<?xml version="1.0" encoding="utf-8"?>
<Project ToolsVersion="4.0" xmlns="http://schemas.microsoft.com/developer/msbuild/2003">
  <ItemGroup>
    <Filter Include="system">
      <UniqueIdentifier>{22dd8095-74f9-46df-81a1-36675a040b1f}</UniqueIdentifier>
    </Filter>
    <Filter Include="Enemy">
      <UniqueIdentifier>{49767212-a51c-4546-9034-0587d3ec364b}</UniqueIdentifier>
    </Filter>
    <Filter Include="attackP">
      <UniqueIdentifier>{680d2144-3b3c-4efe-81c3-0b2a30125776}</UniqueIdentifier>
    </Filter>
    <Filter Include="item">
      <UniqueIdentifier>{7eb75597-bf5c-4b59-aec6-10f7dcc325a1}</UniqueIdentifier>
    </Filter>
    <Filter Include="mapparts">
      <UniqueIdentifier>{7ab34b1a-9601-45cf-865a-4a028eab0edb}</UniqueIdentifier>
    </Filter>
    <Filter Include="object">
      <UniqueIdentifier>{3e530cf6-d3ff-4598-a664-1714b75e08eb}</UniqueIdentifier>
    </Filter>
  </ItemGroup>
  <ItemGroup>
    <ClCompile Include="stdafx.cpp" />
    <ClCompile Include="main.cpp" />
    <ClCompile Include="system\system.cpp">
      <Filter>system</Filter>
    </ClCompile>
    <ClCompile Include="Game.cpp" />
    <ClCompile Include="P_main_Player.cpp" />
    <ClCompile Include="Map_home1.cpp" />
    <ClCompile Include="Ca_maincamera.cpp" />
    <ClCompile Include="E_001_enemy.cpp">
      <Filter>Enemy</Filter>
    </ClCompile>
    <ClCompile Include="E_002_enemy.cpp">
      <Filter>Enemy</Filter>
    </ClCompile>
    <ClCompile Include="B_homingbullet.cpp">
      <Filter>attackP</Filter>
    </ClCompile>
    <ClCompile Include="B_normalbullet.cpp">
      <Filter>attackP</Filter>
    </ClCompile>
    <ClCompile Include="IEnemy.cpp">
      <Filter>Enemy</Filter>
    </ClCompile>
    <ClCompile Include="IItem.cpp">
      <Filter>item</Filter>
    </ClCompile>
    <ClCompile Include="I_G_Item.cpp">
      <Filter>item</Filter>
    </ClCompile>
    <ClCompile Include="M_parts1.cpp">
      <Filter>mapparts</Filter>
    </ClCompile>
    <ClCompile Include="M_parts2.cpp">
      <Filter>mapparts</Filter>
    </ClCompile>
    <ClCompile Include="M_parts3.cpp">
      <Filter>mapparts</Filter>
    </ClCompile>
    <ClCompile Include="Imap.cpp">
      <Filter>mapparts</Filter>
    </ClCompile>
    <ClCompile Include="E_003_enemy.cpp">
      <Filter>Enemy</Filter>
    </ClCompile>
    <ClCompile Include="M_parts4.cpp">
      <Filter>mapparts</Filter>
    </ClCompile>
    <ClCompile Include="M_parts4_sub.cpp">
      <Filter>mapparts</Filter>
    </ClCompile>
    <ClCompile Include="E_004_enemy.cpp">
      <Filter>Enemy</Filter>
    </ClCompile>
    <ClCompile Include="Ob_savepoint.cpp">
      <Filter>object</Filter>
    </ClCompile>
    <ClCompile Include="M_parts5.cpp">
      <Filter>mapparts</Filter>
    </ClCompile>
    <ClCompile Include="Title.cpp" />
    <ClCompile Include="GameClear.cpp" />
    <ClCompile Include="M_parts1_move.cpp">
      <Filter>mapparts</Filter>
    </ClCompile>
  </ItemGroup>
  <ItemGroup>
    <ClInclude Include="stdafx.h" />
    <ClInclude Include="system\system.h">
      <Filter>system</Filter>
    </ClInclude>
    <ClInclude Include="Game.h" />
    <ClInclude Include="P_main_Player.h" />
    <ClInclude Include="resource.h" />
    <ClInclude Include="Map_home1.h" />
    <ClInclude Include="Ca_maincamera.h" />
    <ClInclude Include="E_001_enemy.h">
      <Filter>Enemy</Filter>
    </ClInclude>
    <ClInclude Include="E_002_enemy.h">
      <Filter>Enemy</Filter>
    </ClInclude>
    <ClInclude Include="B_homingbullet.h">
      <Filter>attackP</Filter>
    </ClInclude>
    <ClInclude Include="B_normalbullet.h">
      <Filter>attackP</Filter>
    </ClInclude>
    <ClInclude Include="IEnemy.h">
      <Filter>Enemy</Filter>
    </ClInclude>
    <ClInclude Include="IItem.h">
      <Filter>item</Filter>
    </ClInclude>
    <ClInclude Include="I_G_Item.h">
      <Filter>item</Filter>
    </ClInclude>
    <ClInclude Include="M_parts1.h">
      <Filter>mapparts</Filter>
    </ClInclude>
    <ClInclude Include="M_parts2.h">
      <Filter>mapparts</Filter>
    </ClInclude>
    <ClInclude Include="M_parts3.h">
      <Filter>mapparts</Filter>
    </ClInclude>
    <ClInclude Include="Imap.h">
      <Filter>mapparts</Filter>
    </ClInclude>
    <ClInclude Include="E_003_enemy.h">
      <Filter>Enemy</Filter>
    </ClInclude>
    <ClInclude Include="M_parts4.h">
      <Filter>mapparts</Filter>
    </ClInclude>
    <ClInclude Include="M_parts4_sub.h">
      <Filter>mapparts</Filter>
    </ClInclude>
    <ClInclude Include="E_004_enemy.h">
      <Filter>Enemy</Filter>
    </ClInclude>
    <ClInclude Include="Ob_savepoint.h">
      <Filter>object</Filter>
    </ClInclude>
    <ClInclude Include="M_parts5.h">
      <Filter>mapparts</Filter>
    </ClInclude>
    <ClInclude Include="Title.h" />
    <ClInclude Include="GameClear.h" />
    <ClInclude Include="M_parts1_move.h">
      <Filter>mapparts</Filter>
    </ClInclude>
  </ItemGroup>
  <ItemGroup>
    <ResourceCompile Include="Game.rc" />
  </ItemGroup>
</Project>